
Microsoft Visual Studio Solution File, Format Version 12.00
# Visual Studio Version 17
VisualStudioVersion = 17.14.36915.13
MinimumVisualStudioVersion = 10.0.40219.1
Project("{FAE04EC0-301F-11D3-BF4B-00C04F79EFBC}") = "TaskManager.ConsoleApp", "TaskManager.ConsoleApp\TaskManager.ConsoleApp.csproj", "{6129E2FE-A851-4091-9610-8A54DD21DCE5}"
EndProject
Project("{FAE04EC0-301F-11D3-BF4B-00C04F79EFBC}") = "TaskManager.UIModels", "TaskManager.UIModels\TaskManager.UIModels.csproj", "{6912E074-92E6-4949-A485-FEAFF6AA5095}"
EndProject
Project("{FAE04EC0-301F-11D3-BF4B-00C04F79EFBC}") = "TaskManager.DataModels", "TaskManager.DataModels\TaskManager.DataModels.csproj", "{BEB5465B-4899-4F9E-9750-BA62A90EB063}"
EndProject
Project("{FAE04EC0-301F-11D3-BF4B-00C04F79EFBC}") = "TaskManager.Common", "TaskManager.Common\TaskManager.Common.csproj", "{1EA871AB-C792-4D43-BEB2-FFF4BE58AB98}"
EndProject
Project("{2150E333-8FDC-42A3-9474-1A3956D46DE8}") = "src", "src", "{02EA681E-C7D8-13C7-8484-4AC65E1B71E8}"
EndProject
Project("{2150E333-8FDC-42A3-9474-1A3956D46DE8}") = "tests", "tests", "{1EFE3B84-39FE-4112-9421-159DAB9D6B38}"
EndProject
Project("{FAE04EC0-301F-11D3-BF4B-00C04F79EFBC}") = "TaskManager.Tests", "KMA.TaskManager.Tests\TaskManager.Tests.csproj", "{484D7D14-511D-E6B7-014D-5A28B2D57163}"
EndProject
Project("{FAE04EC0-301F-11D3-BF4B-00C04F79EFBC}") = "TaskManager.Services", "TaskManager.Services\TaskManager.Services.csproj", "{8DF58723-EFB9-ED45-9AB1-17956041C67F}"
EndProject
Project("{FAE04EC0-301F-11D3-BF4B-00C04F79EFBC}") = "TaskManager.Maui", "TaskManager.Maui\TaskManager.Maui.csproj", "{1343C8CB-4B36-42C9-BC4B-D3C720EF3BB0}"
EndProject
Project("{FAE04EC0-301F-11D3-BF4B-00C04F79EFBC}") = "TaskManager.Storage", "TaskManager.Storage\TaskManager.Storage.csproj", "{0379E507-A213-4F2F-AEC0-F27A2607F328}"
EndProject
Global
	GlobalSection(SolutionConfigurationPlatforms) = preSolution
		Debug|Any CPU = Debug|Any CPU
		Release|Any CPU = Release|Any CPU
	EndGlobalSection
	GlobalSection(ProjectConfigurationPlatforms) = postSolution
		{6129E2FE-A851-4091-9610-8A54DD21DCE5}.Debug|Any CPU.ActiveCfg = Debug|Any CPU
		{6129E2FE-A851-4091-9610-8A54DD21DCE5}.Debug|Any CPU.Build.0 = Debug|Any CPU
		{6129E2FE-A851-4091-9610-8A54DD21DCE5}.Release|Any CPU.ActiveCfg = Release|Any CPU
		{6129E2FE-A851-4091-9610-8A54DD21DCE5}.Release|Any CPU.Build.0 = Release|Any CPU
		{6912E074-92E6-4949-A485-FEAFF6AA5095}.Debug|Any CPU.ActiveCfg = Debug|Any CPU
		{6912E074-92E6-4949-A485-FEAFF6AA5095}.Debug|Any CPU.Build.0 = Debug|Any CPU
		{6912E074-92E6-4949-A485-FEAFF6AA5095}.Release|Any CPU.ActiveCfg = Release|Any CPU
		{6912E074-92E6-4949-A485-FEAFF6AA5095}.Release|Any CPU.Build.0 = Release|Any CPU
		{BEB5465B-4899-4F9E-9750-BA62A90EB063}.Debug|Any CPU.ActiveCfg = Debug|Any CPU
		{BEB5465B-4899-4F9E-9750-BA62A90EB063}.Debug|Any CPU.Build.0 = Debug|Any CPU
		{BEB5465B-4899-4F9E-9750-BA62A90EB063}.Release|Any CPU.ActiveCfg = Release|Any CPU
		{BEB5465B-4899-4F9E-9750-BA62A90EB063}.Release|Any CPU.Build.0 = Release|Any CPU
		{1EA871AB-C792-4D43-BEB2-FFF4BE58AB98}.Debug|Any CPU.ActiveCfg = Debug|Any CPU
		{1EA871AB-C792-4D43-BEB2-FFF4BE58AB98}.Debug|Any CPU.Build.0 = Debug|Any CPU
		{1EA871AB-C792-4D43-BEB2-FFF4BE58AB98}.Release|Any CPU.ActiveCfg = Release|Any CPU
		{1EA871AB-C792-4D43-BEB2-FFF4BE58AB98}.Release|Any CPU.Build.0 = Release|Any CPU
		{484D7D14-511D-E6B7-014D-5A28B2D57163}.Debug|Any CPU.ActiveCfg = Debug|Any CPU
		{484D7D14-511D-E6B7-014D-5A28B2D57163}.Debug|Any CPU.Build.0 = Debug|Any CPU
		{484D7D14-511D-E6B7-014D-5A28B2D57163}.Release|Any CPU.ActiveCfg = Release|Any CPU
		{484D7D14-511D-E6B7-014D-5A28B2D57163}.Release|Any CPU.Build.0 = Release|Any CPU
		{8DF58723-EFB9-ED45-9AB1-17956041C67F}.Debug|Any CPU.ActiveCfg = Debug|Any CPU
		{8DF58723-EFB9-ED45-9AB1-17956041C67F}.Debug|Any CPU.Build.0 = Debug|Any CPU
		{8DF58723-EFB9-ED45-9AB1-17956041C67F}.Release|Any CPU.ActiveCfg = Release|Any CPU
		{8DF58723-EFB9-ED45-9AB1-17956041C67F}.Release|Any CPU.Build.0 = Release|Any CPU
		{1343C8CB-4B36-42C9-BC4B-D3C720EF3BB0}.Debug|Any CPU.ActiveCfg = Debug|Any CPU
		{1343C8CB-4B36-42C9-BC4B-D3C720EF3BB0}.Debug|Any CPU.Build.0 = Debug|Any CPU
		{1343C8CB-4B36-42C9-BC4B-D3C720EF3BB0}.Debug|Any CPU.Deploy.0 = Debug|Any CPU
		{1343C8CB-4B36-42C9-BC4B-D3C720EF3BB0}.Release|Any CPU.ActiveCfg = Release|Any CPU
		{1343C8CB-4B36-42C9-BC4B-D3C720EF3BB0}.Release|Any CPU.Build.0 = Release|Any CPU
		{0379E507-A213-4F2F-AEC0-F27A2607F328}.Debug|Any CPU.ActiveCfg = Debug|Any CPU
		{0379E507-A213-4F2F-AEC0-F27A2607F328}.Debug|Any CPU.Build.0 = Debug|Any CPU
		{0379E507-A213-4F2F-AEC0-F27A2607F328}.Release|Any CPU.ActiveCfg = Release|Any CPU
		{0379E507-A213-4F2F-AEC0-F27A2607F328}.Release|Any CPU.Build.0 = Release|Any CPU
	EndGlobalSection
	GlobalSection(SolutionProperties) = preSolution
		HideSolutionNode = FALSE
	EndGlobalSection
	GlobalSection(NestedProjects) = preSolution
		{6129E2FE-A851-4091-9610-8A54DD21DCE5} = {02EA681E-C7D8-13C7-8484-4AC65E1B71E8}
		{6912E074-92E6-4949-A485-FEAFF6AA5095} = {02EA681E-C7D8-13C7-8484-4AC65E1B71E8}
		{BEB5465B-4899-4F9E-9750-BA62A90EB063} = {02EA681E-C7D8-13C7-8484-4AC65E1B71E8}
		{1EA871AB-C792-4D43-BEB2-FFF4BE58AB98} = {02EA681E-C7D8-13C7-8484-4AC65E1B71E8}
		{484D7D14-511D-E6B7-014D-5A28B2D57163} = {1EFE3B84-39FE-4112-9421-159DAB9D6B38}
		{8DF58723-EFB9-ED45-9AB1-17956041C67F} = {02EA681E-C7D8-13C7-8484-4AC65E1B71E8}
		{1343C8CB-4B36-42C9-BC4B-D3C720EF3BB0} = {02EA681E-C7D8-13C7-8484-4AC65E1B71E8}
		{0379E507-A213-4F2F-AEC0-F27A2607F328} = {02EA681E-C7D8-13C7-8484-4AC65E1B71E8}
	EndGlobalSection
	GlobalSection(ExtensibilityGlobals) = postSolution
		SolutionGuid = {8A0364CF-494D-4A2F-9586-F1BBAA89B6AA}
	EndGlobalSection
EndGlobal
